{
  "name": "workpadskaios",
  "version": "0.1.0",
  "lockfileVersion": 3,
  "requires": true,
  "packages": {
    "": {
      "name": "workpadskaios",
      "version": "0.1.0",
      "dependencies": {
        "@workpads/codec": "file:../workpads-codec"
      }
    },
    "../workpads-codec": {
      "name": "@workpads/codec",
      "version": "0.1.0",
      "license": "MIT",
      "dependencies": {
        "fflate": "^0.8.2"
      },
      "engines": {
        "node": ">=14"
      }
    },
    "node_modules/@workpads/codec": {
      "resolved": "../workpads-codec",
      "link": true
    }
  }
}
